// !$*UTF8*$!
{
	archiveVersion = 1;
	classes = {
	};
	objectVersion = 46;
	objects = {

/* Begin PBXBuildFile section */
		A3A2D0D91CCA414B00B9F83B /* AppDelegate.swift in Sources */ = {isa = PBXBuildFile; fileRef = A3A2D0D81CCA414B00B9F83B /* AppDelegate.swift */; };
		A3A2D0DB1CCA414B00B9F83B /* ViewController.swift in Sources */ = {isa = PBXBuildFile; fileRef = A3A2D0DA1CCA414B00B9F83B /* ViewController.swift */; };
		A3A2D0DE1CCA414B00B9F83B /* Main.storyboard in Resources */ = {isa = PBXBuildFile; fileRef = A3A2D0DC1CCA414B00B9F83B /* Main.storyboard */; };
		A3A2D0E01CCA414B00B9F83B /* Assets.xcassets in Resources */ = {isa = PBXBuildFile; fileRef = A3A2D0DF1CCA414B00B9F83B /* Assets.xcassets */; };
		A3A2D0E31CCA414B00B9F83B /* LaunchScreen.storyboard in Resources */ = {isa = PBXBuildFile; fileRef = A3A2D0E11CCA414B00B9F83B /* LaunchScreen.storyboard */; };
/* End PBXBuildFile section */

/* Begin PBXFileReference section */
		A3A2D0D51CCA414B00B9F83B /* Calculator.app */ = {isa = PBXFileReference; explicitFileType = wrapper.application; includeInIndex = 0; path = Calculator.app; sourceTree = BUILT_PRODUCTS_DIR; };
		A3A2D0D81CCA414B00B9F83B /* AppDelegate.swift */ = {isa = PBXFileReference; lastKnownFileType = sourcecode.swift; path = AppDelegate.swift; sourceTree = "<group>"; };
		A3A2D0DA1CCA414B00B9F83B /* ViewController.swift */ = {isa = PBXFileReference; lastKnownFileType = sourcecode.swift; path = ViewController.swift; sourceTree = "<group>"; };
		A3A2D0DD1CCA414B00B9F83B /* Base */ = {isa = PBXFileReference; lastKnownFileType = file.storyboard; name = Base; path = Base.lproj/Main.storyboard; sourceTree = "<group>"; };
		A3A2D0DF1CCA414B00B9F83B /* Assets.xcassets */ = {isa = PBXFileReference; lastKnownFileType = folder.assetcatalog; path = Assets.xcassets; sourceTree = "<group>"; };
		A3A2D0E21CCA414B00B9F83B /* Base */ = {isa = PBXFileReference; lastKnownFileType = file.storyboard; name = Base; path = Base.lproj/LaunchScreen.storyboard; sourceTree = "<group>"; };
		A3A2D0E41CCA414B00B9F83B /* Info.plist */ = {isa = PBXFileReference; lastKnownFileType = text.plist.xml; path = Info.plist; sourceTree = "<group>"; };
/* End PBXFileReference section */

/* Begin PBXFrameworksBuildPhase section */
		A3A2D0D21CCA414B00B9F83B /* Frameworks */ = {
			isa = PBXFrameworksBuildPhase;
			buildActionMask = 2147483647;
			files = (
			);
			runOnlyForDeploymentPostprocessing = 0;
		};
/* End PBXFrameworksBuildPhase section */

/* Begin PBXGroup section */
		A3A2D0CC1CCA414A00B9F83B = {
			isa = PBXGroup;
			children = (
				A3A2D0D71CCA414B00B9F83B /* Calculator */,
				A3A2D0D61CCA414B00B9F83B /* Products */,
			);
			sourceTree = "<group>";
		};
		A3A2D0D61CCA414B00B9F83B /* Products */ = {
			isa = PBXGroup;
			children = (
				A3A2D0D51CCA414B00B9F83B /* Calculator.app */,
			);
			name = Products;
			sourceTree = "<group>";
		};
		A3A2D0D71CCA414B00B9F83B /* Calculator */ = {
			isa = PBXGroup;
			children = (
				A3A2D0DA1CCA414B00B9F83B /* ViewController.swift */,
				A3A2D0DC1CCA414B00B9F83B /* Main.storyboard */,
				A3A2D0EA1CCA450E00B9F83B /* Supporting Files */,
			);
			path = Calculator;
			sourceTree = "<group>";
		};
		A3A2D0EA1CCA450E00B9F83B /* Supporting Files */ = {
			isa = PBXGroup;
			children = (
				A3A2D0D81CCA414B00B9F83B /* AppDelegate.swift */,
				A3A2D0DF1CCA414B00B9F83B /* Assets.xcassets */,
				A3A2D0E11CCA414B00B9F83B /* LaunchScreen.storyboard */,
				A3A2D0E41CCA414B00B9F83B /* Info.plist */,
			);
			name = "Supporting Files";
			sourceTree = "<group>";
		};
/* End PBXGroup section */

/* Begin PBXNativeTarget section */
		A3A2D0D41CCA414B00B9F83B /* Calculator */ = {
			isa = PBXNativeTarget;
			buildConfigurationList = A3A2D0E71CCA414B00B9F83B /* Build configuration list for PBXNativeTarget "Calculator" */;
			buildPhases = (
				A3A2D0D11CCA414B00B9F83B /* Sources */,
				A3A2D0D21CCA414B00B9F83B /* Frameworks */,
				A3A2D0D31CCA414B00B9F83B /* Resources */,
			);
			buildRules = (
			);
			dependencies = (
			);
			name = Calculator;
			productName = Calculator;
			productReference = A3A2D0D51CCA414B00B9F83B /* Calculator.app */;
			productType = "com.apple.product-type.application";
		};
/* End PBXNativeTarget section */

/* Begin PBXProject section */
		A3A2D0CD1CCA414B00B9F83B /* Project object */ = {
			isa = PBXProject;
			attributes = {
				LastSwiftUpdateCheck = 0730;
				LastUpgradeCheck = 0730;
				ORGANIZATIONNAME = "Matthew Spear";
				TargetAttributes = {
					A3A2D0D41CCA414B00B9F83B = {
						CreatedOnToolsVersion = 7.3;
					};
				};
			};
			buildConfigurationList = A3A2D0D01CCA414B00B9F83B /* Build configuration list for PBXProject "Calculator" */;
			compatibilityVersion = "Xcode 3.2";
			developmentRegion = English;
			hasScannedForEncodings = 0;
			knownRegions = (
				en,
				Base,
			);
			mainGroup = A3A2D0CC1CCA414A00B9F83B;
			productRefGroup = A3A2D0D61CCA414B00B9F83B /* Products */;
			projectDirPath = "";
			projectRoot = "";
			targets = (
				A3A2D0D41CCA414B00B9F83B /* Calculator */,
			);
		};
/* End PBXProject section */

/* Begin PBXResourcesBuildPhase section */
		A3A2D0D31CCA414B00B9F83B /* Resources */ = {
			isa = PBXResourcesBuildPhase;
			buildActionMask = 2147483647;
			files = (
				A3A2D0E31CCA414B00B9F83B /* LaunchScreen.storyboard in Resources */,
				A3A2D0E01CCA414B00B9F83B /* Assets.xcassets in Resources */,
				A3A2D0DE1CCA414B00B9F83B /* Main.storyboard in Resources */,
			);
			runOnlyForDeploymentPostprocessing = 0;
		};
/* End PBXResourcesBuildPhase section */

/* Begin PBXSourcesBuildPhase section */
		A3A2D0D11CCA414B00B9F83B /* Sources */ = {
			isa = PBXSourcesBuildPhase;
			buildActionMask = 2147483647;
			files = (
				A3A2D0DB1CCA414B00B9F83B /* ViewController.swift in Sources */,
				A3A2D0D91CCA414B00B9F83B /* AppDelegate.swift in Sources */,
			);
			runOnlyForDeploymentPostprocessing = 0;
		};
/* End PBXSourcesBuildPhase section */

/* Begin PBXVariantGroup section */
		A3A2D0DC1CCA414B00B9F83B /* Main.storyboard */ = {
			isa = PBXVariantGroup;
			children = (
				A3A2D0DD1CCA414B00B9F83B /* Base */,
			);
			name = Main.storyboard;
			sourceTree = "<group>";
		};
		A3A2D0E11CCA414B00B9F83B /* LaunchScreen.storyboard */ = {
			isa = PBXVariantGroup;
			children = (
				A3A2D0E21CCA414B00B9F83B /* Base */,
			);
			name = LaunchScreen.storyboard;
			sourceTree = "<group>";
		};
/* End PBXVariantGroup section */

/* Begin XCBuildConfiguration section */
		A3A2D0E51CCA414B00B9F83B /* Debug */ = {
			isa = XCBuildConfiguration;
			buildSettings = {
				ALWAYS_SEARCH_USER_PATHS = NO;
				CLANG_ANALYZER_NONNULL = YES;
				CLANG_CXX_LANGUAGE_STANDARD = "gnu++0x";
				CLANG_CXX_LIBRARY = "libc++";
				CLANG_ENABLE_MODULES = YES;
				CLANG_ENABLE_OBJC_ARC = YES;
				CLANG_WARN_BOOL_CONVERSION = YES;
				CLANG_WARN_CONSTANT_CONVERSION = YES;
				CLANG_WARN_DIRECT_OBJC_ISA_USAGE = YES_ERROR;
				CLANG_WARN_EMPTY_BODY = YES;
				CLANG_WARN_ENUM_CONVERSION = YES;
				CLANG_WARN_INT_CONVERSION = YES;
				CLANG_WARN_OBJC_ROOT_CLASS = YES_ERROR;
				CLANG_WARN_UNREACHABLE_CODE = YES;
				CLANG_WARN__DUPLICATE_METHOD_MATCH = YES;
				"CODE_SIGN_IDENTITY[sdk=iphoneos*]" = "iPhone Developer";
				COPY_PHASE_STRIP = NO;
				DEBUG_INFORMATION_FORMAT = dwarf;
				ENABLE_STRICT_OBJC_MSGSEND = YES;
				ENABLE_TESTABILITY = YES;
				GCC_C_LANGUAGE_STANDARD = gnu99;
				GCC_DYNAMIC_NO_PIC = NO;
				GCC_NO_COMMON_BLOCKS = YES;
				GCC_OPTIMIZATION_LEVEL = 0;
				GCC_PREPROCESSOR_DEFINITIONS = (
					"DEBUG=1",
					"$(inherited)",
				);
				GCC_WARN_64_TO_32_BIT_CONVERSION = YES;
				GCC_WARN_ABOUT_RETURN_TYPE = YES_ERROR;
				GCC_WARN_UNDECLARED_SELECTOR = YES;
				GCC_WARN_UNINITIALIZED_AUTOS = YES_AGGRESSIVE;
				GCC_WARN_UNUSED_FUNCTION = YES;
				GCC_WARN_UNUSED_VARIABLE = YES;
				IPHONEOS_DEPLOYMENT_TARGET = 9.3;
				MTL_ENABLE_DEBUG_INFO = YES;
				ONLY_ACTIVE_ARCH = YES;
				SDKROOT = iphoneos;
				SWIFT_OPTIMIZATION_LEVEL = "-Onone";
				TARGETED_DEVICE_FAMILY = "1,2";
			};
			name = Debug;
		};
		A3A2D0E61CCA414B00B9F83B /* Release */ = {
			isa = XCBuildConfiguration;
			buildSettings = {
				ALWAYS_SEARCH_USER_PATHS = NO;
				CLANG_ANALYZER_NONNULL = YES;
				CLANG_CXX_LANGUAGE_STANDARD = "gnu++0x";
				CLANG_CXX_LIBRARY = "libc++";
				CLANG_ENABLE_MODULES = YES;
				CLANG_ENABLE_OBJC_ARC = YES;
				CLANG_WARN_BOOL_CONVERSION = YES;
				CLANG_WARN_CONSTANT_CONVERSION = YES;
				CLANG_WARN_DIRECT_OBJC_ISA_USAGE = YES_ERROR;
				CLANG_WARN_EMPTY_BODY = YES;
				CLANG_WARN_ENUM_CONVERSION = YES;
				CLANG_WARN_INT_CONVERSION = YES;
				CLANG_WARN_OBJC_ROOT_CLASS = YES_ERROR;
				CLANG_WARN_UNREACHABLE_CODE = YES;
				CLANG_WARN__DUPLICATE_METHOD_MATCH = YES;
				"CODE_SIGN_IDENTITY[sdk=iphoneos*]" = "iPhone Developer";
				COPY_PHASE_STRIP = NO;
				DEBUG_INFORMATION_FORMAT = "dwarf-with-dsym";
				ENABLE_NS_ASSERTIONS = NO;
				ENABLE_STRICT_OBJC_MSGSEND = YES;
				GCC_C_LANGUAGE_STANDARD = gnu99;
				GCC_NO_COMMON_BLOCKS = YES;
				GCC_WARN_64_TO_32_BIT_CONVERSION = YES;
				GCC_WARN_ABOUT_RETURN_TYPE = YES_ERROR;
				GCC_WARN_UNDECLARED_SELECTOR = YES;
				GCC_WARN_UNINITIALIZED_AUTOS = YES_AGGRESSIVE;
				GCC_WARN_UNUSED_FUNCTION = YES;
				GCC_WARN_UNUSED_VARIABLE = YES;
				IPHONEOS_DEPLOYMENT_TARGET = 9.3;
				MTL_ENABLE_DEBUG_INFO = NO;
				SDKROOT = iphoneos;
				TARGETED_DEVICE_FAMILY = "1,2";
				VALIDATE_PRODUCT = YES;
			};
			name = Release;
		};
		A3A2D0E81CCA414B00B9F83B /* Debug */ = {
			isa = XCBuildConfiguration;
			buildSettings = {
				ASSETCATALOG_COMPILER_APPICON_NAME = AppIcon;
				INFOPLIST_FILE = Calculator/Info.plist;
				LD_RUNPATH_SEARCH_PATHS = "$(inherited) @executable_path/Frameworks";
				PRODUCT_BUNDLE_IDENTIFIER = uk.co.matthewspear.Calculator;
				PRODUCT_NAME = "$(TARGET_NAME)";
			};
			name = Debug;
		};
		A3A2D0E91CCA414B00B9F83B /* Release */ = {
			isa = XCBuildConfiguration;
			buildSettings = {
				ASSETCATALOG_COMPILER_APPICON_NAME = AppIcon;
				INFOPLIST_FILE = Calculator/Info.plist;
				LD_RUNPATH_SEARCH_PATHS = "$(inherited) @executable_path/Frameworks";
				PRODUCT_BUNDLE_IDENTIFIER = uk.co.matthewspear.Calculator;
				PRODUCT_NAME = "$(TARGET_NAME)";
			};
			name = Release;
		};
/* End XCBuildConfiguration section */

/* Begin XCConfigurationList section */
		A3A2D0D01CCA414B00B9F83B /* Build configuration list for PBXProject "Calculator" */ = {
			isa = XCConfigurationList;
			buildConfigurations = (
				A3A2D0E51CCA414B00B9F83B /* Debug */,
				A3A2D0E61CCA414B00B9F83B /* Release */,
			);
			defaultConfigurationIsVisible = 0;
			defaultConfigurationName = Release;
		};
		A3A2D0E71CCA414B00B9F83B /* Build configuration list for PBXNativeTarget "Calculator" */ = {
			isa = XCConfigurationList;
			buildConfigurations = (
				A3A2D0E81CCA414B00B9F83B /* Debug */,
				A3A2D0E91CCA414B00B9F83B /* Release */,
			);
			defaultConfigurationIsVisible = 0;
			defaultConfigurationName = Release;
		};
/* End XCConfigurationList section */
	};
	rootObject = A3A2D0CD1CCA414B00B9F83B /* Project object */;
}
